// !$*UTF8*$!
{
    archiveVersion = 1;
    classes = {};
    objectVersion = 77;
    objects = {
        A00000000000000000000001 = {
            isa = PBXProject;
            attributes = { BuildIndependentTargetsInParallel = YES; LastSwiftUpdateCheck = 2660; LastUpgradeCheck = 2660; };
            buildConfigurationList = A00000000000000000000002;
            compatibilityVersion = "Xcode 16.0";
            developmentRegion = en;
            hasScannedForEncodings = 0;
            knownRegions = (en, Base);
            mainGroup = A00000000000000000000003;
            preferredProjectObjectVersion = 77;
            productRefGroup = A00000000000000000000004;
            projectDirPath = "";
            projectRoot = "";
            packageReferences = (A00000000000000000000020);
            targets = (A00000000000000000000005);
        };
        A00000000000000000000002 = { isa = XCConfigurationList; buildConfigurations = (A00000000000000000000010, A00000000000000000000011); defaultConfigurationIsVisible = 0; defaultConfigurationName = Release; };
        A00000000000000000000003 = { isa = PBXGroup; children = (A00000000000000000000006, A00000000000000000000007, A00000000000000000000023, A00000000000000000000024, A00000000000000000000004); sourceTree = "<group>"; };
        A00000000000000000000004 = { isa = PBXGroup; children = (A00000000000000000000008); name = Products; sourceTree = "<group>"; };
        A00000000000000000000005 = {
            isa = PBXNativeTarget;
            buildConfigurationList = A00000000000000000000009;
            buildPhases = (A00000000000000000000012, A00000000000000000000013, A00000000000000000000014, A00000000000000000000019);
            buildRules = ();
            dependencies = ();
            fileSystemSynchronizedGroups = (A00000000000000000000006);
            name = Dictation;
            packageProductDependencies = (A00000000000000000000021);
            productName = Dictation;
            productReference = A00000000000000000000008;
            productType = "com.apple.product-type.application";
        };
        A00000000000000000000006 = { isa = PBXFileSystemSynchronizedRootGroup; path = Dictation; sourceTree = "<group>"; };
        A00000000000000000000007 = { isa = PBXGroup; children = (A00000000000000000000017, A00000000000000000000018); path = Resources; sourceTree = "<group>"; };
        A00000000000000000000008 = { isa = PBXFileReference; explicitFileType = wrapper.application; includeInIndex = 0; path = "Hot Mic.app"; sourceTree = BUILT_PRODUCTS_DIR; };
        A00000000000000000000009 = { isa = XCConfigurationList; buildConfigurations = (A00000000000000000000015, A00000000000000000000016); defaultConfigurationIsVisible = 0; defaultConfigurationName = Release; };
        A00000000000000000000010 = { isa = XCBuildConfiguration; buildSettings = { CLANG_ENABLE_MODULES = YES; ENABLE_DEBUG_DYLIB = NO; MACOSX_DEPLOYMENT_TARGET = 14.0; SDKROOT = macosx; SWIFT_VERSION = 6.0; SWIFT_STRICT_CONCURRENCY = complete; SWIFT_OPTIMIZATION_LEVEL = "-Onone"; DEBUG_INFORMATION_FORMAT = dwarf; SWIFT_ACTIVE_COMPILATION_CONDITIONS = "DEBUG $(inherited)"; }; name = Debug; };
        A00000000000000000000011 = { isa = XCBuildConfiguration; buildSettings = { CLANG_ENABLE_MODULES = YES; MACOSX_DEPLOYMENT_TARGET = 14.0; SDKROOT = macosx; SWIFT_VERSION = 6.0; SWIFT_STRICT_CONCURRENCY = complete; SWIFT_COMPILATION_MODE = wholemodule; SWIFT_OPTIMIZATION_LEVEL = "-O"; DEBUG_INFORMATION_FORMAT = "dwarf-with-dsym"; }; name = Release; };
        A00000000000000000000012 = { isa = PBXSourcesBuildPhase; buildActionMask = 2147483647; files = (); runOnlyForDeploymentPostprocessing = 0; };
        A00000000000000000000013 = { isa = PBXFrameworksBuildPhase; buildActionMask = 2147483647; files = (A00000000000000000000022); runOnlyForDeploymentPostprocessing = 0; };
        A00000000000000000000014 = { isa = PBXResourcesBuildPhase; buildActionMask = 2147483647; files = (A00000000000000000000025, A00000000000000000000026); runOnlyForDeploymentPostprocessing = 0; };
        A00000000000000000000015 = { isa = XCBuildConfiguration; buildSettings = { ASSETCATALOG_COMPILER_APPICON_NAME = AppIcon; CODE_SIGN_ENTITLEMENTS = Resources/Dictation.entitlements; CODE_SIGN_IDENTITY = "-"; CODE_SIGN_STYLE = Manual; COMBINE_HIDPI_IMAGES = YES; ENABLE_APP_SANDBOX = NO; ENABLE_HARDENED_RUNTIME = YES; GENERATE_INFOPLIST_FILE = NO; INFOPLIST_FILE = Resources/Info.plist; LD_RUNPATH_SEARCH_PATHS = "$(inherited) @executable_path/../Frameworks"; ONLY_ACTIVE_ARCH = YES; PRODUCT_BUNDLE_IDENTIFIER = local.Dictation; PRODUCT_NAME = "Hot Mic"; SWIFT_TREAT_WARNINGS_AS_ERRORS = YES; }; name = Debug; };
        A00000000000000000000016 = { isa = XCBuildConfiguration; buildSettings = { ASSETCATALOG_COMPILER_APPICON_NAME = AppIcon; CODE_SIGN_ENTITLEMENTS = Resources/Dictation.entitlements; CODE_SIGN_IDENTITY = "-"; CODE_SIGN_STYLE = Manual; COMBINE_HIDPI_IMAGES = YES; ENABLE_APP_SANDBOX = NO; ENABLE_HARDENED_RUNTIME = YES; GENERATE_INFOPLIST_FILE = NO; INFOPLIST_FILE = Resources/Info.plist; LD_RUNPATH_SEARCH_PATHS = "$(inherited) @executable_path/../Frameworks"; PRODUCT_BUNDLE_IDENTIFIER = local.Dictation; PRODUCT_NAME = "Hot Mic"; SWIFT_TREAT_WARNINGS_AS_ERRORS = YES; }; name = Release; };
        A00000000000000000000017 = { isa = PBXFileReference; lastKnownFileType = text.plist.xml; path = Info.plist; sourceTree = "<group>"; };
        A00000000000000000000018 = { isa = PBXFileReference; lastKnownFileType = text.plist.entitlements; path = Dictation.entitlements; sourceTree = "<group>"; };
        A00000000000000000000020 = { isa = XCRemoteSwiftPackageReference; repositoryURL = "https://github.com/sindresorhus/KeyboardShortcuts"; requirement = { kind = exactVersion; version = 3.0.1; }; };
        A00000000000000000000021 = { isa = XCSwiftPackageProductDependency; package = A00000000000000000000020; productName = KeyboardShortcuts; };
        A00000000000000000000022 = { isa = PBXBuildFile; productRef = A00000000000000000000021; };
        A00000000000000000000023 = { isa = PBXFileReference; lastKnownFileType = text; path = LICENSE; sourceTree = SOURCE_ROOT; };
        A00000000000000000000024 = { isa = PBXFileReference; lastKnownFileType = text; path = THIRD_PARTY_NOTICES.md; sourceTree = SOURCE_ROOT; };
        A00000000000000000000025 = { isa = PBXBuildFile; fileRef = A00000000000000000000023; };
        A00000000000000000000026 = { isa = PBXBuildFile; fileRef = A00000000000000000000024; };
        A00000000000000000000019 = { isa = PBXShellScriptBuildPhase; alwaysOutOfDate = 1; buildActionMask = 2147483647; files = (); inputPaths = (); name = "Prepare bundle metadata"; outputPaths = (); runOnlyForDeploymentPostprocessing = 0; shellPath = /bin/sh; shellScript = "/usr/bin/python3 \"$SRCROOT/scripts/prepare_bundle.py\" \"$TARGET_BUILD_DIR/$WRAPPER_NAME\"\n"; };
    };
    rootObject = A00000000000000000000001;
}
